// !$*UTF8*$!
{
	archiveVersion = 1;
	classes = {
	};
	objectVersion = 56;
	objects = {

/* Begin PBXBuildFile section */
		6965D3DA2A9F696100846F7A /* ExtensionHotelListScreen.swift in Sources */ = {isa = PBXBuildFile; fileRef = 6965D3D92A9F696100846F7A /* ExtensionHotelListScreen.swift */; };
		6965D3DC2A9F6A0000846F7A /* HotelListSubViews.swift in Sources */ = {isa = PBXBuildFile; fileRef = 6965D3DB2A9F6A0000846F7A /* HotelListSubViews.swift */; };
		6965D3DE2A9F6B4400846F7A /* ExtensionLandmarkScreen.swift in Sources */ = {isa = PBXBuildFile; fileRef = 6965D3DD2A9F6B4400846F7A /* ExtensionLandmarkScreen.swift */; };
		6965D3E02A9F6BD400846F7A /* ExtensionLoginScreen.swift in Sources */ = {isa = PBXBuildFile; fileRef = 6965D3DF2A9F6BD400846F7A /* ExtensionLoginScreen.swift */; };
		6965D3E62AA5CBDC00846F7A /* HotelListServiceExtension.swift in Sources */ = {isa = PBXBuildFile; fileRef = 6965D3E52AA5CBDC00846F7A /* HotelListServiceExtension.swift */; };
		696F0E842A86006C0048C851 /* LandmarkError.swift in Sources */ = {isa = PBXBuildFile; fileRef = 696F0E832A86006C0048C851 /* LandmarkError.swift */; };
		696F0E882A8607320048C851 /* ContentView.swift in Sources */ = {isa = PBXBuildFile; fileRef = 696F0E872A8607320048C851 /* ContentView.swift */; };
		696F0E8A2A8613310048C851 /* CommonErrors.swift in Sources */ = {isa = PBXBuildFile; fileRef = 696F0E892A8613310048C851 /* CommonErrors.swift */; };
		696F0EE02A8CA6560048C851 /* HotelListScreenView.swift in Sources */ = {isa = PBXBuildFile; fileRef = 696F0EDF2A8CA6560048C851 /* HotelListScreenView.swift */; };
		696F0EE22A8CAC020048C851 /* HotelListViewModel.swift in Sources */ = {isa = PBXBuildFile; fileRef = 696F0EE12A8CAC020048C851 /* HotelListViewModel.swift */; };
		696F0EE42A8CAC750048C851 /* HotelListService.swift in Sources */ = {isa = PBXBuildFile; fileRef = 696F0EE32A8CAC750048C851 /* HotelListService.swift */; };
		696F0EE62A8CACAF0048C851 /* HotelListError.swift in Sources */ = {isa = PBXBuildFile; fileRef = 696F0EE52A8CACAF0048C851 /* HotelListError.swift */; };
		69AAEFA82A82058D001240BB /* IOSProject_MVVMApp.swift in Sources */ = {isa = PBXBuildFile; fileRef = 69AAEFA72A82058D001240BB /* IOSProject_MVVMApp.swift */; };
		69AAEFAC2A82058F001240BB /* Assets.xcassets in Resources */ = {isa = PBXBuildFile; fileRef = 69AAEFAB2A82058F001240BB /* Assets.xcassets */; };
		69AAEFAF2A82058F001240BB /* Preview Assets.xcassets in Resources */ = {isa = PBXBuildFile; fileRef = 69AAEFAE2A82058F001240BB /* Preview Assets.xcassets */; };
		69AAEFBF2A820E96001240BB /* LandmarkViewModel.swift in Sources */ = {isa = PBXBuildFile; fileRef = 69AAEFBE2A820E96001240BB /* LandmarkViewModel.swift */; };
		69AAEFD82A82280D001240BB /* ReviewByCustomer.swift in Sources */ = {isa = PBXBuildFile; fileRef = 69AAEFD22A82280D001240BB /* ReviewByCustomer.swift */; };
		69AAEFD92A82280D001240BB /* Hotel_Insights.swift in Sources */ = {isa = PBXBuildFile; fileRef = 69AAEFD32A82280D001240BB /* Hotel_Insights.swift */; };
		69AAEFDA2A82280D001240BB /* CountryProfileView.swift in Sources */ = {isa = PBXBuildFile; fileRef = 69AAEFD42A82280D001240BB /* CountryProfileView.swift */; };
		69AAEFDC2A82280D001240BB /* HotelMessageTextView.swift in Sources */ = {isa = PBXBuildFile; fileRef = 69AAEFD62A82280D001240BB /* HotelMessageTextView.swift */; };
		69AAEFDD2A82280D001240BB /* HotelDiscountView.swift in Sources */ = {isa = PBXBuildFile; fileRef = 69AAEFD72A82280D001240BB /* HotelDiscountView.swift */; };
		69AAEFE22A824AB6001240BB /* StaticLandMarkViews.swift in Sources */ = {isa = PBXBuildFile; fileRef = 69AAEFE12A824AB6001240BB /* StaticLandMarkViews.swift */; };
		69AAEFE62A824DE3001240BB /* LandmarkService.swift in Sources */ = {isa = PBXBuildFile; fileRef = 69AAEFE52A824DE3001240BB /* LandmarkService.swift */; };
		69AAEFE82A82509E001240BB /* CommonAPIService.swift in Sources */ = {isa = PBXBuildFile; fileRef = 69AAEFE72A82509E001240BB /* CommonAPIService.swift */; };
		69AAEFEB2A8257FA001240BB /* LandmarkScreenView.swift in Sources */ = {isa = PBXBuildFile; fileRef = 69AAEFEA2A8257FA001240BB /* LandmarkScreenView.swift */; };
		69AAEFF12A8259CA001240BB /* LandmarkModel.swift in Sources */ = {isa = PBXBuildFile; fileRef = 69AAEFF02A8259CA001240BB /* LandmarkModel.swift */; };
		69AAF0092A825EB2001240BB /* HotelListResponse.swift in Sources */ = {isa = PBXBuildFile; fileRef = 69AAEFF92A825EB1001240BB /* HotelListResponse.swift */; };
		69AAF0112A825EB2001240BB /* CustomHotelModel.swift in Sources */ = {isa = PBXBuildFile; fileRef = 69AAF0012A825EB1001240BB /* CustomHotelModel.swift */; };
		69AAF0162A825EB2001240BB /* HotelRequestData.swift in Sources */ = {isa = PBXBuildFile; fileRef = 69AAF0062A825EB2001240BB /* HotelRequestData.swift */; };
		69AAF01F2A826332001240BB /* PropertyImage.swift in Sources */ = {isa = PBXBuildFile; fileRef = 69AAF0192A826332001240BB /* PropertyImage.swift */; };
		69AAF0202A826332001240BB /* Price.swift in Sources */ = {isa = PBXBuildFile; fileRef = 69AAF01A2A826332001240BB /* Price.swift */; };
		69AAF0212A826332001240BB /* DesinationInfo.swift in Sources */ = {isa = PBXBuildFile; fileRef = 69AAF01B2A826332001240BB /* DesinationInfo.swift */; };
		69AAF0222A826332001240BB /* Reviews.swift in Sources */ = {isa = PBXBuildFile; fileRef = 69AAF01C2A826332001240BB /* Reviews.swift */; };
		69AAF0232A826332001240BB /* Properties.swift in Sources */ = {isa = PBXBuildFile; fileRef = 69AAF01D2A826332001240BB /* Properties.swift */; };
		69AAF0242A826332001240BB /* MapMarker.swift in Sources */ = {isa = PBXBuildFile; fileRef = 69AAF01E2A826332001240BB /* MapMarker.swift */; };
		69E6E18B2A838B18001D7C83 /* LandmarkSubViews.swift in Sources */ = {isa = PBXBuildFile; fileRef = 69E6E18A2A838B18001D7C83 /* LandmarkSubViews.swift */; };
		69FD12862A9602FD00712630 /* HotelAddressService.swift in Sources */ = {isa = PBXBuildFile; fileRef = 69FD12852A9602FD00712630 /* HotelAddressService.swift */; };
		69FD12932A96808F00712630 /* AsyncImageCache.swift in Sources */ = {isa = PBXBuildFile; fileRef = 69FD12922A96808F00712630 /* AsyncImageCache.swift */; };
		69FD12962A989F6A00712630 /* LoginModel.swift in Sources */ = {isa = PBXBuildFile; fileRef = 69FD12952A989F6A00712630 /* LoginModel.swift */; };
		69FD12982A989FC000712630 /* LoginAPIService.swift in Sources */ = {isa = PBXBuildFile; fileRef = 69FD12972A989FC000712630 /* LoginAPIService.swift */; };
		69FD129A2A98A00B00712630 /* LoginViewModel.swift in Sources */ = {isa = PBXBuildFile; fileRef = 69FD12992A98A00B00712630 /* LoginViewModel.swift */; };
		69FD129D2A98A06100712630 /* LoginScreenView.swift in Sources */ = {isa = PBXBuildFile; fileRef = 69FD129C2A98A06100712630 /* LoginScreenView.swift */; };
		69FD129F2A98A13D00712630 /* loginJson.json in Resources */ = {isa = PBXBuildFile; fileRef = 69FD129E2A98A13D00712630 /* loginJson.json */; };
		69FD12A32A98A6CF00712630 /* LoginSubViews.swift in Sources */ = {isa = PBXBuildFile; fileRef = 69FD12A22A98A6CF00712630 /* LoginSubViews.swift */; };
		69FD12A52A98B18F00712630 /* LoginError.swift in Sources */ = {isa = PBXBuildFile; fileRef = 69FD12A42A98B18F00712630 /* LoginError.swift */; };
		69FD12AA2A9BCE6400712630 /* SplashScreenView.swift in Sources */ = {isa = PBXBuildFile; fileRef = 69FD12A92A9BCE6400712630 /* SplashScreenView.swift */; };
/* End PBXBuildFile section */

/* Begin PBXFileReference section */
		6965D3D92A9F696100846F7A /* ExtensionHotelListScreen.swift */ = {isa = PBXFileReference; lastKnownFileType = sourcecode.swift; path = ExtensionHotelListScreen.swift; sourceTree = "<group>"; };
		6965D3DB2A9F6A0000846F7A /* HotelListSubViews.swift */ = {isa = PBXFileReference; lastKnownFileType = sourcecode.swift; path = HotelListSubViews.swift; sourceTree = "<group>"; };
		6965D3DD2A9F6B4400846F7A /* ExtensionLandmarkScreen.swift */ = {isa = PBXFileReference; lastKnownFileType = sourcecode.swift; path = ExtensionLandmarkScreen.swift; sourceTree = "<group>"; };
		6965D3DF2A9F6BD400846F7A /* ExtensionLoginScreen.swift */ = {isa = PBXFileReference; lastKnownFileType = sourcecode.swift; path = ExtensionLoginScreen.swift; sourceTree = "<group>"; };
		6965D3E52AA5CBDC00846F7A /* HotelListServiceExtension.swift */ = {isa = PBXFileReference; lastKnownFileType = sourcecode.swift; path = HotelListServiceExtension.swift; sourceTree = "<group>"; };
		696F0E832A86006C0048C851 /* LandmarkError.swift */ = {isa = PBXFileReference; lastKnownFileType = sourcecode.swift; path = LandmarkError.swift; sourceTree = "<group>"; };
		696F0E872A8607320048C851 /* ContentView.swift */ = {isa = PBXFileReference; lastKnownFileType = sourcecode.swift; path = ContentView.swift; sourceTree = "<group>"; };
		696F0E892A8613310048C851 /* CommonErrors.swift */ = {isa = PBXFileReference; lastKnownFileType = sourcecode.swift; path = CommonErrors.swift; sourceTree = "<group>"; };
		696F0EDF2A8CA6560048C851 /* HotelListScreenView.swift */ = {isa = PBXFileReference; lastKnownFileType = sourcecode.swift; path = HotelListScreenView.swift; sourceTree = "<group>"; };
		696F0EE12A8CAC020048C851 /* HotelListViewModel.swift */ = {isa = PBXFileReference; lastKnownFileType = sourcecode.swift; path = HotelListViewModel.swift; sourceTree = "<group>"; };
		696F0EE32A8CAC750048C851 /* HotelListService.swift */ = {isa = PBXFileReference; lastKnownFileType = sourcecode.swift; path = HotelListService.swift; sourceTree = "<group>"; };
		696F0EE52A8CACAF0048C851 /* HotelListError.swift */ = {isa = PBXFileReference; lastKnownFileType = sourcecode.swift; path = HotelListError.swift; sourceTree = "<group>"; };
		69AAEFA42A82058D001240BB /* IOSProject_MVVM.app */ = {isa = PBXFileReference; explicitFileType = wrapper.application; includeInIndex = 0; path = IOSProject_MVVM.app; sourceTree = BUILT_PRODUCTS_DIR; };
		69AAEFA72A82058D001240BB /* IOSProject_MVVMApp.swift */ = {isa = PBXFileReference; lastKnownFileType = sourcecode.swift; path = IOSProject_MVVMApp.swift; sourceTree = "<group>"; };
		69AAEFAB2A82058F001240BB /* Assets.xcassets */ = {isa = PBXFileReference; lastKnownFileType = folder.assetcatalog; path = Assets.xcassets; sourceTree = "<group>"; };
		69AAEFAE2A82058F001240BB /* Preview Assets.xcassets */ = {isa = PBXFileReference; lastKnownFileType = folder.assetcatalog; path = "Preview Assets.xcassets"; sourceTree = "<group>"; };
		69AAEFBE2A820E96001240BB /* LandmarkViewModel.swift */ = {isa = PBXFileReference; lastKnownFileType = sourcecode.swift; path = LandmarkViewModel.swift; sourceTree = "<group>"; };
		69AAEFD22A82280D001240BB /* ReviewByCustomer.swift */ = {isa = PBXFileReference; fileEncoding = 4; lastKnownFileType = sourcecode.swift; path = ReviewByCustomer.swift; sourceTree = "<group>"; };
		69AAEFD32A82280D001240BB /* Hotel_Insights.swift */ = {isa = PBXFileReference; fileEncoding = 4; lastKnownFileType = sourcecode.swift; path = Hotel_Insights.swift; sourceTree = "<group>"; };
		69AAEFD42A82280D001240BB /* CountryProfileView.swift */ = {isa = PBXFileReference; fileEncoding = 4; lastKnownFileType = sourcecode.swift; path = CountryProfileView.swift; sourceTree = "<group>"; };
		69AAEFD62A82280D001240BB /* HotelMessageTextView.swift */ = {isa = PBXFileReference; fileEncoding = 4; lastKnownFileType = sourcecode.swift; path = HotelMessageTextView.swift; sourceTree = "<group>"; };
		69AAEFD72A82280D001240BB /* HotelDiscountView.swift */ = {isa = PBXFileReference; fileEncoding = 4; lastKnownFileType = sourcecode.swift; path = HotelDiscountView.swift; sourceTree = "<group>"; };
		69AAEFE12A824AB6001240BB /* StaticLandMarkViews.swift */ = {isa = PBXFileReference; lastKnownFileType = sourcecode.swift; path = StaticLandMarkViews.swift; sourceTree = "<group>"; };
		69AAEFE52A824DE3001240BB /* LandmarkService.swift */ = {isa = PBXFileReference; lastKnownFileType = sourcecode.swift; path = LandmarkService.swift; sourceTree = "<group>"; };
		69AAEFE72A82509E001240BB /* CommonAPIService.swift */ = {isa = PBXFileReference; lastKnownFileType = sourcecode.swift; path = CommonAPIService.swift; sourceTree = "<group>"; };
		69AAEFEA2A8257FA001240BB /* LandmarkScreenView.swift */ = {isa = PBXFileReference; fileEncoding = 4; lastKnownFileType = sourcecode.swift; path = LandmarkScreenView.swift; sourceTree = "<group>"; };
		69AAEFF02A8259CA001240BB /* LandmarkModel.swift */ = {isa = PBXFileReference; fileEncoding = 4; lastKnownFileType = sourcecode.swift; path = LandmarkModel.swift; sourceTree = "<group>"; };
		69AAEFF92A825EB1001240BB /* HotelListResponse.swift */ = {isa = PBXFileReference; fileEncoding = 4; lastKnownFileType = sourcecode.swift; path = HotelListResponse.swift; sourceTree = "<group>"; };
		69AAF0012A825EB1001240BB /* CustomHotelModel.swift */ = {isa = PBXFileReference; fileEncoding = 4; lastKnownFileType = sourcecode.swift; path = CustomHotelModel.swift; sourceTree = "<group>"; };
		69AAF0062A825EB2001240BB /* HotelRequestData.swift */ = {isa = PBXFileReference; fileEncoding = 4; lastKnownFileType = sourcecode.swift; path = HotelRequestData.swift; sourceTree = "<group>"; };
		69AAF0192A826332001240BB /* PropertyImage.swift */ = {isa = PBXFileReference; fileEncoding = 4; lastKnownFileType = sourcecode.swift; path = PropertyImage.swift; sourceTree = "<group>"; };
		69AAF01A2A826332001240BB /* Price.swift */ = {isa = PBXFileReference; fileEncoding = 4; lastKnownFileType = sourcecode.swift; path = Price.swift; sourceTree = "<group>"; };
		69AAF01B2A826332001240BB /* DesinationInfo.swift */ = {isa = PBXFileReference; fileEncoding = 4; lastKnownFileType = sourcecode.swift; path = DesinationInfo.swift; sourceTree = "<group>"; };
		69AAF01C2A826332001240BB /* Reviews.swift */ = {isa = PBXFileReference; fileEncoding = 4; lastKnownFileType = sourcecode.swift; path = Reviews.swift; sourceTree = "<group>"; };
		69AAF01D2A826332001240BB /* Properties.swift */ = {isa = PBXFileReference; fileEncoding = 4; lastKnownFileType = sourcecode.swift; path = Properties.swift; sourceTree = "<group>"; };
		69AAF01E2A826332001240BB /* MapMarker.swift */ = {isa = PBXFileReference; fileEncoding = 4; lastKnownFileType = sourcecode.swift; path = MapMarker.swift; sourceTree = "<group>"; };
		69E6E18A2A838B18001D7C83 /* LandmarkSubViews.swift */ = {isa = PBXFileReference; lastKnownFileType = sourcecode.swift; path = LandmarkSubViews.swift; sourceTree = "<group>"; };
		69FD12852A9602FD00712630 /* HotelAddressService.swift */ = {isa = PBXFileReference; lastKnownFileType = sourcecode.swift; path = HotelAddressService.swift; sourceTree = "<group>"; };
		69FD12922A96808F00712630 /* AsyncImageCache.swift */ = {isa = PBXFileReference; lastKnownFileType = sourcecode.swift; path = AsyncImageCache.swift; sourceTree = "<group>"; };
		69FD12952A989F6A00712630 /* LoginModel.swift */ = {isa = PBXFileReference; lastKnownFileType = sourcecode.swift; path = LoginModel.swift; sourceTree = "<group>"; };
		69FD12972A989FC000712630 /* LoginAPIService.swift */ = {isa = PBXFileReference; lastKnownFileType = sourcecode.swift; path = LoginAPIService.swift; sourceTree = "<group>"; };
		69FD12992A98A00B00712630 /* LoginViewModel.swift */ = {isa = PBXFileReference; lastKnownFileType = sourcecode.swift; path = LoginViewModel.swift; sourceTree = "<group>"; };
		69FD129C2A98A06100712630 /* LoginScreenView.swift */ = {isa = PBXFileReference; lastKnownFileType = sourcecode.swift; path = LoginScreenView.swift; sourceTree = "<group>"; };
		69FD129E2A98A13D00712630 /* loginJson.json */ = {isa = PBXFileReference; fileEncoding = 4; lastKnownFileType = text.json; path = loginJson.json; sourceTree = "<group>"; };
		69FD12A22A98A6CF00712630 /* LoginSubViews.swift */ = {isa = PBXFileReference; lastKnownFileType = sourcecode.swift; path = LoginSubViews.swift; sourceTree = "<group>"; };
		69FD12A42A98B18F00712630 /* LoginError.swift */ = {isa = PBXFileReference; lastKnownFileType = sourcecode.swift; path = LoginError.swift; sourceTree = "<group>"; };
		69FD12A92A9BCE6400712630 /* SplashScreenView.swift */ = {isa = PBXFileReference; lastKnownFileType = sourcecode.swift; path = SplashScreenView.swift; sourceTree = "<group>"; };
/* End PBXFileReference section */

/* Begin PBXFrameworksBuildPhase section */
		69AAEFA12A82058D001240BB /* Frameworks */ = {
			isa = PBXFrameworksBuildPhase;
			buildActionMask = 2147483647;
			files = (
			);
			runOnlyForDeploymentPostprocessing = 0;
		};
/* End PBXFrameworksBuildPhase section */

/* Begin PBXGroup section */
		6965D3E12AA5B24D00846F7A /* LoginService */ = {
			isa = PBXGroup;
			children = (
				69FD12972A989FC000712630 /* LoginAPIService.swift */,
			);
			path = LoginService;
			sourceTree = "<group>";
		};
		6965D3E22AA5B25A00846F7A /* HotelService */ = {
			isa = PBXGroup;
			children = (
				696F0EE32A8CAC750048C851 /* HotelListService.swift */,
				6965D3E52AA5CBDC00846F7A /* HotelListServiceExtension.swift */,
				69FD12852A9602FD00712630 /* HotelAddressService.swift */,
			);
			path = HotelService;
			sourceTree = "<group>";
		};
		6965D3E32AA5B26700846F7A /* LandmarkService */ = {
			isa = PBXGroup;
			children = (
				69AAEFE52A824DE3001240BB /* LandmarkService.swift */,
			);
			path = LandmarkService;
			sourceTree = "<group>";
		};
		6965D3E42AA5B29000846F7A /* CommonService */ = {
			isa = PBXGroup;
			children = (
				69AAEFE72A82509E001240BB /* CommonAPIService.swift */,
			);
			path = CommonService;
			sourceTree = "<group>";
		};
		696F0E822A86003F0048C851 /* ErrorHandlers */ = {
			isa = PBXGroup;
			children = (
				69FD12A42A98B18F00712630 /* LoginError.swift */,
				696F0E832A86006C0048C851 /* LandmarkError.swift */,
				696F0EE52A8CACAF0048C851 /* HotelListError.swift */,
				696F0E892A8613310048C851 /* CommonErrors.swift */,
			);
			path = ErrorHandlers;
			sourceTree = "<group>";
		};
		696F0EDD2A8CA6150048C851 /* HotelListViews */ = {
			isa = PBXGroup;
			children = (
				6965D3D92A9F696100846F7A /* ExtensionHotelListScreen.swift */,
				6965D3DB2A9F6A0000846F7A /* HotelListSubViews.swift */,
				69FD12922A96808F00712630 /* AsyncImageCache.swift */,
			);
			path = HotelListViews;
			sourceTree = "<group>";
		};
		69AAEF9B2A82058D001240BB = {
			isa = PBXGroup;
			children = (
				69AAEFA62A82058D001240BB /* IOSProject_MVVM */,
				69AAEFA52A82058D001240BB /* Products */,
			);
			sourceTree = "<group>";
		};
		69AAEFA52A82058D001240BB /* Products */ = {
			isa = PBXGroup;
			children = (
				69AAEFA42A82058D001240BB /* IOSProject_MVVM.app */,
			);
			name = Products;
			sourceTree = "<group>";
		};
		69AAEFA62A82058D001240BB /* IOSProject_MVVM */ = {
			isa = PBXGroup;
			children = (
				696F0E822A86003F0048C851 /* ErrorHandlers */,
				69AAEFB52A8205A8001240BB /* Models */,
				69AAEFBB2A82062A001240BB /* Services */,
				69AAEFB82A8205C7001240BB /* ViewModels */,
				69AAEFB62A8205AE001240BB /* Views */,
				696F0E872A8607320048C851 /* ContentView.swift */,
				69AAEFA72A82058D001240BB /* IOSProject_MVVMApp.swift */,
				69AAEFAB2A82058F001240BB /* Assets.xcassets */,
				69AAEFAD2A82058F001240BB /* Preview Content */,
			);
			path = IOSProject_MVVM;
			sourceTree = "<group>";
		};
		69AAEFAD2A82058F001240BB /* Preview Content */ = {
			isa = PBXGroup;
			children = (
				69AAEFAE2A82058F001240BB /* Preview Assets.xcassets */,
			);
			path = "Preview Content";
			sourceTree = "<group>";
		};
		69AAEFB52A8205A8001240BB /* Models */ = {
			isa = PBXGroup;
			children = (
				69FD12942A989F1E00712630 /* LoginModels */,
				69AAEFEC2A82598F001240BB /* LandmarkModels */,
				69AAEFEE2A8259A2001240BB /* HotelModels */,
			);
			path = Models;
			sourceTree = "<group>";
		};
		69AAEFB62A8205AE001240BB /* Views */ = {
			isa = PBXGroup;
			children = (
				69FD12BC2A9CDA5600712630 /* Screens */,
				69FD129B2A98A03100712630 /* LoginViews */,
				69AAEFC02A8211D7001240BB /* LandmarkViews */,
				696F0EDD2A8CA6150048C851 /* HotelListViews */,
			);
			path = Views;
			sourceTree = "<group>";
		};
		69AAEFB82A8205C7001240BB /* ViewModels */ = {
			isa = PBXGroup;
			children = (
				69FD12992A98A00B00712630 /* LoginViewModel.swift */,
				69AAEFBE2A820E96001240BB /* LandmarkViewModel.swift */,
				696F0EE12A8CAC020048C851 /* HotelListViewModel.swift */,
			);
			path = ViewModels;
			sourceTree = "<group>";
		};
		69AAEFBB2A82062A001240BB /* Services */ = {
			isa = PBXGroup;
			children = (
				6965D3E12AA5B24D00846F7A /* LoginService */,
				6965D3E32AA5B26700846F7A /* LandmarkService */,
				6965D3E22AA5B25A00846F7A /* HotelService */,
				6965D3E42AA5B29000846F7A /* CommonService */,
			);
			path = Services;
			sourceTree = "<group>";
		};
		69AAEFC02A8211D7001240BB /* LandmarkViews */ = {
			isa = PBXGroup;
			children = (
				6965D3DD2A9F6B4400846F7A /* ExtensionLandmarkScreen.swift */,
				69E6E18A2A838B18001D7C83 /* LandmarkSubViews.swift */,
				69AAEFD12A822730001240BB /* LandmarkStaticViews */,
			);
			path = LandmarkViews;
			sourceTree = "<group>";
		};
		69AAEFD12A822730001240BB /* LandmarkStaticViews */ = {
			isa = PBXGroup;
			children = (
				69AAEFD42A82280D001240BB /* CountryProfileView.swift */,
				69AAEFD32A82280D001240BB /* Hotel_Insights.swift */,
				69AAEFD72A82280D001240BB /* HotelDiscountView.swift */,
				69AAEFD22A82280D001240BB /* ReviewByCustomer.swift */,
				69AAEFD62A82280D001240BB /* HotelMessageTextView.swift */,
				69AAEFE12A824AB6001240BB /* StaticLandMarkViews.swift */,
			);
			path = LandmarkStaticViews;
			sourceTree = "<group>";
		};
		69AAEFEC2A82598F001240BB /* LandmarkModels */ = {
			isa = PBXGroup;
			children = (
				69AAEFF02A8259CA001240BB /* LandmarkModel.swift */,
			);
			path = LandmarkModels;
			sourceTree = "<group>";
		};
		69AAEFEE2A8259A2001240BB /* HotelModels */ = {
			isa = PBXGroup;
			children = (
				69AAF0182A8262EA001240BB /* PropertiesModels */,
				69AAEFF92A825EB1001240BB /* HotelListResponse.swift */,
				69AAF0062A825EB2001240BB /* HotelRequestData.swift */,
				69AAF0012A825EB1001240BB /* CustomHotelModel.swift */,
			);
			path = HotelModels;
			sourceTree = "<group>";
		};
		69AAF0182A8262EA001240BB /* PropertiesModels */ = {
			isa = PBXGroup;
			children = (
				69AAF01B2A826332001240BB /* DesinationInfo.swift */,
				69AAF01E2A826332001240BB /* MapMarker.swift */,
				69AAF01A2A826332001240BB /* Price.swift */,
				69AAF01D2A826332001240BB /* Properties.swift */,
				69AAF0192A826332001240BB /* PropertyImage.swift */,
				69AAF01C2A826332001240BB /* Reviews.swift */,
			);
			path = PropertiesModels;
			sourceTree = "<group>";
		};
		69FD12942A989F1E00712630 /* LoginModels */ = {
			isa = PBXGroup;
			children = (
				69FD129E2A98A13D00712630 /* loginJson.json */,
				69FD12952A989F6A00712630 /* LoginModel.swift */,
			);
			path = LoginModels;
			sourceTree = "<group>";
		};
		69FD129B2A98A03100712630 /* LoginViews */ = {
			isa = PBXGroup;
			children = (
				6965D3DF2A9F6BD400846F7A /* ExtensionLoginScreen.swift */,
				69FD12A22A98A6CF00712630 /* LoginSubViews.swift */,
			);
			path = LoginViews;
			sourceTree = "<group>";
		};
		69FD12BC2A9CDA5600712630 /* Screens */ = {
			isa = PBXGroup;
			children = (
				69FD12A92A9BCE6400712630 /* SplashScreenView.swift */,
				69FD129C2A98A06100712630 /* LoginScreenView.swift */,
				69AAEFEA2A8257FA001240BB /* LandmarkScreenView.swift */,
				696F0EDF2A8CA6560048C851 /* HotelListScreenView.swift */,
			);
			path = Screens;
			sourceTree = "<group>";
		};
/* End PBXGroup section */

/* Begin PBXNativeTarget section */
		69AAEFA32A82058D001240BB /* IOSProject_MVVM */ = {
			isa = PBXNativeTarget;
			buildConfigurationList = 69AAEFB22A82058F001240BB /* Build configuration list for PBXNativeTarget "IOSProject_MVVM" */;
			buildPhases = (
				69AAEFA02A82058D001240BB /* Sources */,
				69AAEFA12A82058D001240BB /* Frameworks */,
				69AAEFA22A82058D001240BB /* Resources */,
			);
			buildRules = (
			);
			dependencies = (
			);
			name = IOSProject_MVVM;
			productName = IOSProject_MVVM;
			productReference = 69AAEFA42A82058D001240BB /* IOSProject_MVVM.app */;
			productType = "com.apple.product-type.application";
		};
/* End PBXNativeTarget section */

/* Begin PBXProject section */
		69AAEF9C2A82058D001240BB /* Project object */ = {
			isa = PBXProject;
			attributes = {
				BuildIndependentTargetsInParallel = 1;
				LastSwiftUpdateCheck = 1430;
				LastUpgradeCheck = 1430;
				TargetAttributes = {
					69AAEFA32A82058D001240BB = {
						CreatedOnToolsVersion = 14.3;
					};
				};
			};
			buildConfigurationList = 69AAEF9F2A82058D001240BB /* Build configuration list for PBXProject "IOSProject_MVVM" */;
			compatibilityVersion = "Xcode 14.0";
			developmentRegion = en;
			hasScannedForEncodings = 0;
			knownRegions = (
				en,
				Base,
			);
			mainGroup = 69AAEF9B2A82058D001240BB;
			productRefGroup = 69AAEFA52A82058D001240BB /* Products */;
			projectDirPath = "";
			projectRoot = "";
			targets = (
				69AAEFA32A82058D001240BB /* IOSProject_MVVM */,
			);
		};
/* End PBXProject section */

/* Begin PBXResourcesBuildPhase section */
		69AAEFA22A82058D001240BB /* Resources */ = {
			isa = PBXResourcesBuildPhase;
			buildActionMask = 2147483647;
			files = (
				69FD129F2A98A13D00712630 /* loginJson.json in Resources */,
				69AAEFAF2A82058F001240BB /* Preview Assets.xcassets in Resources */,
				69AAEFAC2A82058F001240BB /* Assets.xcassets in Resources */,
			);
			runOnlyForDeploymentPostprocessing = 0;
		};
/* End PBXResourcesBuildPhase section */

/* Begin PBXSourcesBuildPhase section */
		69AAEFA02A82058D001240BB /* Sources */ = {
			isa = PBXSourcesBuildPhase;
			buildActionMask = 2147483647;
			files = (
				69AAEFF12A8259CA001240BB /* LandmarkModel.swift in Sources */,
				696F0E882A8607320048C851 /* ContentView.swift in Sources */,
				69AAF0092A825EB2001240BB /* HotelListResponse.swift in Sources */,
				696F0EE42A8CAC750048C851 /* HotelListService.swift in Sources */,
				69AAEFEB2A8257FA001240BB /* LandmarkScreenView.swift in Sources */,
				696F0EE62A8CACAF0048C851 /* HotelListError.swift in Sources */,
				69AAEFDA2A82280D001240BB /* CountryProfileView.swift in Sources */,
				69FD129A2A98A00B00712630 /* LoginViewModel.swift in Sources */,
				69E6E18B2A838B18001D7C83 /* LandmarkSubViews.swift in Sources */,
				696F0EE02A8CA6560048C851 /* HotelListScreenView.swift in Sources */,
				69AAEFD92A82280D001240BB /* Hotel_Insights.swift in Sources */,
				69AAEFDD2A82280D001240BB /* HotelDiscountView.swift in Sources */,
				69FD12862A9602FD00712630 /* HotelAddressService.swift in Sources */,
				69FD12AA2A9BCE6400712630 /* SplashScreenView.swift in Sources */,
				6965D3E62AA5CBDC00846F7A /* HotelListServiceExtension.swift in Sources */,
				69AAF0212A826332001240BB /* DesinationInfo.swift in Sources */,
				69AAEFE82A82509E001240BB /* CommonAPIService.swift in Sources */,
				6965D3DA2A9F696100846F7A /* ExtensionHotelListScreen.swift in Sources */,
				696F0EE22A8CAC020048C851 /* HotelListViewModel.swift in Sources */,
				69AAF0232A826332001240BB /* Properties.swift in Sources */,
				69FD129D2A98A06100712630 /* LoginScreenView.swift in Sources */,
				69FD12982A989FC000712630 /* LoginAPIService.swift in Sources */,
				69AAEFD82A82280D001240BB /* ReviewByCustomer.swift in Sources */,
				69AAF0222A826332001240BB /* Reviews.swift in Sources */,
				69FD12A52A98B18F00712630 /* LoginError.swift in Sources */,
				69AAEFE22A824AB6001240BB /* StaticLandMarkViews.swift in Sources */,
				696F0E8A2A8613310048C851 /* CommonErrors.swift in Sources */,
				6965D3DC2A9F6A0000846F7A /* HotelListSubViews.swift in Sources */,
				69AAF0162A825EB2001240BB /* HotelRequestData.swift in Sources */,
				69AAF0242A826332001240BB /* MapMarker.swift in Sources */,
				69AAEFBF2A820E96001240BB /* LandmarkViewModel.swift in Sources */,
				69AAEFDC2A82280D001240BB /* HotelMessageTextView.swift in Sources */,
				69FD12A32A98A6CF00712630 /* LoginSubViews.swift in Sources */,
				69AAF0202A826332001240BB /* Price.swift in Sources */,
				696F0E842A86006C0048C851 /* LandmarkError.swift in Sources */,
				6965D3E02A9F6BD400846F7A /* ExtensionLoginScreen.swift in Sources */,
				6965D3DE2A9F6B4400846F7A /* ExtensionLandmarkScreen.swift in Sources */,
				69AAEFA82A82058D001240BB /* IOSProject_MVVMApp.swift in Sources */,
				69FD12962A989F6A00712630 /* LoginModel.swift in Sources */,
				69AAEFE62A824DE3001240BB /* LandmarkService.swift in Sources */,
				69FD12932A96808F00712630 /* AsyncImageCache.swift in Sources */,
				69AAF0112A825EB2001240BB /* CustomHotelModel.swift in Sources */,
				69AAF01F2A826332001240BB /* PropertyImage.swift in Sources */,
			);
			runOnlyForDeploymentPostprocessing = 0;
		};
/* End PBXSourcesBuildPhase section */

/* Begin XCBuildConfiguration section */
		69AAEFB02A82058F001240BB /* Debug */ = {
			isa = XCBuildConfiguration;
			buildSettings = {
				ALWAYS_SEARCH_USER_PATHS = NO;
				CLANG_ANALYZER_NONNULL = YES;
				CLANG_ANALYZER_NUMBER_OBJECT_CONVERSION = YES_AGGRESSIVE;
				CLANG_CXX_LANGUAGE_STANDARD = "gnu++20";
				CLANG_ENABLE_MODULES = YES;
				CLANG_ENABLE_OBJC_ARC = YES;
				CLANG_ENABLE_OBJC_WEAK = YES;
				CLANG_WARN_BLOCK_CAPTURE_AUTORELEASING = YES;
				CLANG_WARN_BOOL_CONVERSION = YES;
				CLANG_WARN_COMMA = YES;
				CLANG_WARN_CONSTANT_CONVERSION = YES;
				CLANG_WARN_DEPRECATED_OBJC_IMPLEMENTATIONS = YES;
				CLANG_WARN_DIRECT_OBJC_ISA_USAGE = YES_ERROR;
				CLANG_WARN_DOCUMENTATION_COMMENTS = YES;
				CLANG_WARN_EMPTY_BODY = YES;
				CLANG_WARN_ENUM_CONVERSION = YES;
				CLANG_WARN_INFINITE_RECURSION = YES;
				CLANG_WARN_INT_CONVERSION = YES;
				CLANG_WARN_NON_LITERAL_NULL_CONVERSION = YES;
				CLANG_WARN_OBJC_IMPLICIT_RETAIN_SELF = YES;
				CLANG_WARN_OBJC_LITERAL_CONVERSION = YES;
				CLANG_WARN_OBJC_ROOT_CLASS = YES_ERROR;
				CLANG_WARN_QUOTED_INCLUDE_IN_FRAMEWORK_HEADER = YES;
				CLANG_WARN_RANGE_LOOP_ANALYSIS = YES;
				CLANG_WARN_STRICT_PROTOTYPES = YES;
				CLANG_WARN_SUSPICIOUS_MOVE = YES;
				CLANG_WARN_UNGUARDED_AVAILABILITY = YES_AGGRESSIVE;
				CLANG_WARN_UNREACHABLE_CODE = YES;
				CLANG_WARN__DUPLICATE_METHOD_MATCH = YES;
				COPY_PHASE_STRIP = NO;
				DEBUG_INFORMATION_FORMAT = dwarf;
				ENABLE_STRICT_OBJC_MSGSEND = YES;
				ENABLE_TESTABILITY = YES;
				GCC_C_LANGUAGE_STANDARD = gnu11;
				GCC_DYNAMIC_NO_PIC = NO;
				GCC_NO_COMMON_BLOCKS = YES;
				GCC_OPTIMIZATION_LEVEL = 0;
				GCC_PREPROCESSOR_DEFINITIONS = (
					"DEBUG=1",
					"$(inherited)",
				);
				GCC_WARN_64_TO_32_BIT_CONVERSION = YES;
				GCC_WARN_ABOUT_RETURN_TYPE = YES_ERROR;
				GCC_WARN_UNDECLARED_SELECTOR = YES;
				GCC_WARN_UNINITIALIZED_AUTOS = YES_AGGRESSIVE;
				GCC_WARN_UNUSED_FUNCTION = YES;
				GCC_WARN_UNUSED_VARIABLE = YES;
				IPHONEOS_DEPLOYMENT_TARGET = 16.0;
				MTL_ENABLE_DEBUG_INFO = INCLUDE_SOURCE;
				MTL_FAST_MATH = YES;
				ONLY_ACTIVE_ARCH = YES;
				SDKROOT = iphoneos;
				SWIFT_ACTIVE_COMPILATION_CONDITIONS = DEBUG;
				SWIFT_OPTIMIZATION_LEVEL = "-Onone";
			};
			name = Debug;
		};
		69AAEFB12A82058F001240BB /* Release */ = {
			isa = XCBuildConfiguration;
			buildSettings = {
				ALWAYS_SEARCH_USER_PATHS = NO;
				CLANG_ANALYZER_NONNULL = YES;
				CLANG_ANALYZER_NUMBER_OBJECT_CONVERSION = YES_AGGRESSIVE;
				CLANG_CXX_LANGUAGE_STANDARD = "gnu++20";
				CLANG_ENABLE_MODULES = YES;
				CLANG_ENABLE_OBJC_ARC = YES;
				CLANG_ENABLE_OBJC_WEAK = YES;
				CLANG_WARN_BLOCK_CAPTURE_AUTORELEASING = YES;
				CLANG_WARN_BOOL_CONVERSION = YES;
				CLANG_WARN_COMMA = YES;
				CLANG_WARN_CONSTANT_CONVERSION = YES;
				CLANG_WARN_DEPRECATED_OBJC_IMPLEMENTATIONS = YES;
				CLANG_WARN_DIRECT_OBJC_ISA_USAGE = YES_ERROR;
				CLANG_WARN_DOCUMENTATION_COMMENTS = YES;
				CLANG_WARN_EMPTY_BODY = YES;
				CLANG_WARN_ENUM_CONVERSION = YES;
				CLANG_WARN_INFINITE_RECURSION = YES;
				CLANG_WARN_INT_CONVERSION = YES;
				CLANG_WARN_NON_LITERAL_NULL_CONVERSION = YES;
				CLANG_WARN_OBJC_IMPLICIT_RETAIN_SELF = YES;
				CLANG_WARN_OBJC_LITERAL_CONVERSION = YES;
				CLANG_WARN_OBJC_ROOT_CLASS = YES_ERROR;
				CLANG_WARN_QUOTED_INCLUDE_IN_FRAMEWORK_HEADER = YES;
				CLANG_WARN_RANGE_LOOP_ANALYSIS = YES;
				CLANG_WARN_STRICT_PROTOTYPES = YES;
				CLANG_WARN_SUSPICIOUS_MOVE = YES;
				CLANG_WARN_UNGUARDED_AVAILABILITY = YES_AGGRESSIVE;
				CLANG_WARN_UNREACHABLE_CODE = YES;
				CLANG_WARN__DUPLICATE_METHOD_MATCH = YES;
				COPY_PHASE_STRIP = NO;
				DEBUG_INFORMATION_FORMAT = "dwarf-with-dsym";
				ENABLE_NS_ASSERTIONS = NO;
				ENABLE_STRICT_OBJC_MSGSEND = YES;
				GCC_C_LANGUAGE_STANDARD = gnu11;
				GCC_NO_COMMON_BLOCKS = YES;
				GCC_WARN_64_TO_32_BIT_CONVERSION = YES;
				GCC_WARN_ABOUT_RETURN_TYPE = YES_ERROR;
				GCC_WARN_UNDECLARED_SELECTOR = YES;
				GCC_WARN_UNINITIALIZED_AUTOS = YES_AGGRESSIVE;
				GCC_WARN_UNUSED_FUNCTION = YES;
				GCC_WARN_UNUSED_VARIABLE = YES;
				IPHONEOS_DEPLOYMENT_TARGET = 16.0;
				MTL_ENABLE_DEBUG_INFO = NO;
				MTL_FAST_MATH = YES;
				SDKROOT = iphoneos;
				SWIFT_COMPILATION_MODE = wholemodule;
				SWIFT_OPTIMIZATION_LEVEL = "-O";
				VALIDATE_PRODUCT = YES;
			};
			name = Release;
		};
		69AAEFB32A82058F001240BB /* Debug */ = {
			isa = XCBuildConfiguration;
			buildSettings = {
				ASSETCATALOG_COMPILER_APPICON_NAME = AppIcon;
				ASSETCATALOG_COMPILER_GLOBAL_ACCENT_COLOR_NAME = AccentColor;
				CODE_SIGN_IDENTITY = "Apple Development";
				CODE_SIGN_STYLE = Automatic;
				CURRENT_PROJECT_VERSION = 1;
				DEVELOPMENT_ASSET_PATHS = "\"IOSProject_MVVM/Preview Content\"";
				DEVELOPMENT_TEAM = 6YHK5GK8QW;
				ENABLE_PREVIEWS = YES;
				GENERATE_INFOPLIST_FILE = YES;
				INFOPLIST_KEY_UIApplicationSceneManifest_Generation = YES;
				INFOPLIST_KEY_UIApplicationSupportsIndirectInputEvents = YES;
				INFOPLIST_KEY_UILaunchScreen_Generation = YES;
				INFOPLIST_KEY_UISupportedInterfaceOrientations_iPad = "UIInterfaceOrientationPortrait UIInterfaceOrientationPortraitUpsideDown UIInterfaceOrientationLandscapeLeft UIInterfaceOrientationLandscapeRight";
				INFOPLIST_KEY_UISupportedInterfaceOrientations_iPhone = "UIInterfaceOrientationPortrait UIInterfaceOrientationLandscapeLeft UIInterfaceOrientationLandscapeRight";
				IPHONEOS_DEPLOYMENT_TARGET = 16.0;
				LD_RUNPATH_SEARCH_PATHS = (
					"$(inherited)",
					"@executable_path/Frameworks",
				);
				MARKETING_VERSION = 1.0;
				PRODUCT_BUNDLE_IDENTIFIER = "com.vishal77.IOSProject-MVVM";
				PRODUCT_NAME = "$(TARGET_NAME)";
				PROVISIONING_PROFILE_SPECIFIER = "";
				SWIFT_EMIT_LOC_STRINGS = YES;
				SWIFT_VERSION = 5.0;
				TARGETED_DEVICE_FAMILY = "1,2";
			};
			name = Debug;
		};
		69AAEFB42A82058F001240BB /* Release */ = {
			isa = XCBuildConfiguration;
			buildSettings = {
				ASSETCATALOG_COMPILER_APPICON_NAME = AppIcon;
				ASSETCATALOG_COMPILER_GLOBAL_ACCENT_COLOR_NAME = AccentColor;
				CODE_SIGN_IDENTITY = "Apple Development";
				CODE_SIGN_STYLE = Automatic;
				CURRENT_PROJECT_VERSION = 1;
				DEVELOPMENT_ASSET_PATHS = "\"IOSProject_MVVM/Preview Content\"";
				DEVELOPMENT_TEAM = 6YHK5GK8QW;
				ENABLE_PREVIEWS = YES;
				GENERATE_INFOPLIST_FILE = YES;
				INFOPLIST_KEY_UIApplicationSceneManifest_Generation = YES;
				INFOPLIST_KEY_UIApplicationSupportsIndirectInputEvents = YES;
				INFOPLIST_KEY_UILaunchScreen_Generation = YES;
				INFOPLIST_KEY_UISupportedInterfaceOrientations_iPad = "UIInterfaceOrientationPortrait UIInterfaceOrientationPortraitUpsideDown UIInterfaceOrientationLandscapeLeft UIInterfaceOrientationLandscapeRight";
				INFOPLIST_KEY_UISupportedInterfaceOrientations_iPhone = "UIInterfaceOrientationPortrait UIInterfaceOrientationLandscapeLeft UIInterfaceOrientationLandscapeRight";
				IPHONEOS_DEPLOYMENT_TARGET = 16.0;
				LD_RUNPATH_SEARCH_PATHS = (
					"$(inherited)",
					"@executable_path/Frameworks",
				);
				MARKETING_VERSION = 1.0;
				PRODUCT_BUNDLE_IDENTIFIER = "com.vishal77.IOSProject-MVVM";
				PRODUCT_NAME = "$(TARGET_NAME)";
				PROVISIONING_PROFILE_SPECIFIER = "";
				SWIFT_EMIT_LOC_STRINGS = YES;
				SWIFT_VERSION = 5.0;
				TARGETED_DEVICE_FAMILY = "1,2";
			};
			name = Release;
		};
/* End XCBuildConfiguration section */

/* Begin XCConfigurationList section */
		69AAEF9F2A82058D001240BB /* Build configuration list for PBXProject "IOSProject_MVVM" */ = {
			isa = XCConfigurationList;
			buildConfigurations = (
				69AAEFB02A82058F001240BB /* Debug */,
				69AAEFB12A82058F001240BB /* Release */,
			);
			defaultConfigurationIsVisible = 0;
			defaultConfigurationName = Release;
		};
		69AAEFB22A82058F001240BB /* Build configuration list for PBXNativeTarget "IOSProject_MVVM" */ = {
			isa = XCConfigurationList;
			buildConfigurations = (
				69AAEFB32A82058F001240BB /* Debug */,
				69AAEFB42A82058F001240BB /* Release */,
			);
			defaultConfigurationIsVisible = 0;
			defaultConfigurationName = Release;
		};
/* End XCConfigurationList section */
	};
	rootObject = 69AAEF9C2A82058D001240BB /* Project object */;
}
